
Microsoft Visual Studio Solution File, Format Version 12.00
# Visual Studio 2013
VisualStudioVersion = 12.0.40629.0
MinimumVisualStudioVersion = 10.0.40219.1
Project("{FAE04EC0-301F-11D3-BF4B-00C04F79EFBC}") = "TestApplication", "TestApplication\TestApplication.csproj", "{2007C3F9-0F4A-4630-8B6F-D337F019B4AD}"
EndProject
Global
	GlobalSection(SolutionConfigurationPlatforms) = preSolution
		Debug|Any CPU = Debug|Any CPU
		Release|Any CPU = Release|Any CPU
	EndGlobalSection
	GlobalSection(ProjectConfigurationPlatforms) = postSolution
		{2007C3F9-0F4A-4630-8B6F-D337F019B4AD}.Debug|Any CPU.ActiveCfg = Debug|Any CPU
		{2007C3F9-0F4A-4630-8B6F-D337F019B4AD}.Debug|Any CPU.Build.0 = Debug|Any CPU
		{2007C3F9-0F4A-4630-8B6F-D337F019B4AD}.Release|Any CPU.ActiveCfg = Release|Any CPU
		{2007C3F9-0F4A-4630-8B6F-D337F019B4AD}.Release|Any CPU.Build.0 = Release|Any CPU
	EndGlobalSection
	GlobalSection(SolutionProperties) = preSolution
		HideSolutionNode = FALSE
	EndGlobalSection
EndGlobal
